// !$*UTF8*$!
{
	archiveVersion = 1;
	classes = {
	};
	objectVersion = 56;
	objects = {

/* Begin PBXBuildFile section */
		4D6542DD2A4103C10057290C /* NextReadApp.swift in Sources */ = {isa = PBXBuildFile; fileRef = 4D6542DC2A4103C10057290C /* NextReadApp.swift */; };
		4D6542DF2A4103C10057290C /* ContentView.swift in Sources */ = {isa = PBXBuildFile; fileRef = 4D6542DE2A4103C10057290C /* ContentView.swift */; };
		4D6542E12A4103C30057290C /* Assets.xcassets in Resources */ = {isa = PBXBuildFile; fileRef = 4D6542E02A4103C30057290C /* Assets.xcassets */; };
		4D6542E42A4103C30057290C /* Preview Assets.xcassets in Resources */ = {isa = PBXBuildFile; fileRef = 4D6542E32A4103C30057290C /* Preview Assets.xcassets */; };
		4D6542E62A4103C30057290C /* Persistence.swift in Sources */ = {isa = PBXBuildFile; fileRef = 4D6542E52A4103C30057290C /* Persistence.swift */; };
		4D6542E92A4103C30057290C /* NextRead.xcdatamodeld in Sources */ = {isa = PBXBuildFile; fileRef = 4D6542E72A4103C30057290C /* NextRead.xcdatamodeld */; };
		4D6542F12A4104300057290C /* HomeView.swift in Sources */ = {isa = PBXBuildFile; fileRef = 4D6542F02A4104300057290C /* HomeView.swift */; };
		4D6542F32A4104440057290C /* MyListView.swift in Sources */ = {isa = PBXBuildFile; fileRef = 4D6542F22A4104440057290C /* MyListView.swift */; };
		4D6542F52A41044E0057290C /* SearchView.swift in Sources */ = {isa = PBXBuildFile; fileRef = 4D6542F42A41044E0057290C /* SearchView.swift */; };
		4D6542F72A41045E0057290C /* BookDetailView.swift in Sources */ = {isa = PBXBuildFile; fileRef = 4D6542F62A41045E0057290C /* BookDetailView.swift */; };
		4D6542FA2A41048B0057290C /* Book.swift in Sources */ = {isa = PBXBuildFile; fileRef = 4D6542F92A41048A0057290C /* Book.swift */; };
		4D6542FC2A4104940057290C /* BookResponse.swift in Sources */ = {isa = PBXBuildFile; fileRef = 4D6542FB2A4104940057290C /* BookResponse.swift */; };
		4D6542FE2A41049F0057290C /* BookViewModel.swift in Sources */ = {isa = PBXBuildFile; fileRef = 4D6542FD2A41049F0057290C /* BookViewModel.swift */; };
		4D6543002A4104B30057290C /* ReadListViewModel.swift in Sources */ = {isa = PBXBuildFile; fileRef = 4D6542FF2A4104B30057290C /* ReadListViewModel.swift */; };
		4D6543072A4106D50057290C /* Config.xcconfig in Resources */ = {isa = PBXBuildFile; fileRef = 4D6543062A4106D50057290C /* Config.xcconfig */; };
/* End PBXBuildFile section */

/* Begin PBXFileReference section */
		4D6542D92A4103C10057290C /* NextRead.app */ = {isa = PBXFileReference; explicitFileType = wrapper.application; includeInIndex = 0; path = NextRead.app; sourceTree = BUILT_PRODUCTS_DIR; };
		4D6542DC2A4103C10057290C /* NextReadApp.swift */ = {isa = PBXFileReference; lastKnownFileType = sourcecode.swift; path = NextReadApp.swift; sourceTree = "<group>"; };
		4D6542DE2A4103C10057290C /* ContentView.swift */ = {isa = PBXFileReference; lastKnownFileType = sourcecode.swift; path = ContentView.swift; sourceTree = "<group>"; };
		4D6542E02A4103C30057290C /* Assets.xcassets */ = {isa = PBXFileReference; lastKnownFileType = folder.assetcatalog; path = Assets.xcassets; sourceTree = "<group>"; };
		4D6542E32A4103C30057290C /* Preview Assets.xcassets */ = {isa = PBXFileReference; lastKnownFileType = folder.assetcatalog; path = "Preview Assets.xcassets"; sourceTree = "<group>"; };
		4D6542E52A4103C30057290C /* Persistence.swift */ = {isa = PBXFileReference; lastKnownFileType = sourcecode.swift; path = Persistence.swift; sourceTree = "<group>"; };
		4D6542E82A4103C30057290C /* NextRead.xcdatamodel */ = {isa = PBXFileReference; lastKnownFileType = wrapper.xcdatamodel; path = NextRead.xcdatamodel; sourceTree = "<group>"; };
		4D6542F02A4104300057290C /* HomeView.swift */ = {isa = PBXFileReference; fileEncoding = 4; lastKnownFileType = sourcecode.swift; path = HomeView.swift; sourceTree = "<group>"; };
		4D6542F22A4104440057290C /* MyListView.swift */ = {isa = PBXFileReference; fileEncoding = 4; lastKnownFileType = sourcecode.swift; path = MyListView.swift; sourceTree = "<group>"; };
		4D6542F42A41044E0057290C /* SearchView.swift */ = {isa = PBXFileReference; fileEncoding = 4; lastKnownFileType = sourcecode.swift; path = SearchView.swift; sourceTree = "<group>"; };
		4D6542F62A41045E0057290C /* BookDetailView.swift */ = {isa = PBXFileReference; fileEncoding = 4; lastKnownFileType = sourcecode.swift; path = BookDetailView.swift; sourceTree = "<group>"; };
		4D6542F92A41048A0057290C /* Book.swift */ = {isa = PBXFileReference; fileEncoding = 4; lastKnownFileType = sourcecode.swift; path = Book.swift; sourceTree = "<group>"; };
		4D6542FB2A4104940057290C /* BookResponse.swift */ = {isa = PBXFileReference; fileEncoding = 4; lastKnownFileType = sourcecode.swift; path = BookResponse.swift; sourceTree = "<group>"; };
		4D6542FD2A41049F0057290C /* BookViewModel.swift */ = {isa = PBXFileReference; fileEncoding = 4; lastKnownFileType = sourcecode.swift; path = BookViewModel.swift; sourceTree = "<group>"; };
		4D6542FF2A4104B30057290C /* ReadListViewModel.swift */ = {isa = PBXFileReference; fileEncoding = 4; lastKnownFileType = sourcecode.swift; path = ReadListViewModel.swift; sourceTree = "<group>"; };
		4D6543062A4106D50057290C /* Config.xcconfig */ = {isa = PBXFileReference; fileEncoding = 4; lastKnownFileType = text.xcconfig; path = Config.xcconfig; sourceTree = "<group>"; };
		4D6543082A410AD10057290C /* Info.plist */ = {isa = PBXFileReference; lastKnownFileType = text.plist; path = Info.plist; sourceTree = "<group>"; };
/* End PBXFileReference section */

/* Begin PBXFrameworksBuildPhase section */
		4D6542D62A4103C10057290C /* Frameworks */ = {
			isa = PBXFrameworksBuildPhase;
			buildActionMask = 2147483647;
			files = (
			);
			runOnlyForDeploymentPostprocessing = 0;
		};
/* End PBXFrameworksBuildPhase section */

/* Begin PBXGroup section */
		4D6542D02A4103C10057290C = {
			isa = PBXGroup;
			children = (
				4D6542DB2A4103C10057290C /* NextRead */,
				4D6542DA2A4103C10057290C /* Products */,
			);
			sourceTree = "<group>";
		};
		4D6542DA2A4103C10057290C /* Products */ = {
			isa = PBXGroup;
			children = (
				4D6542D92A4103C10057290C /* NextRead.app */,
			);
			name = Products;
			sourceTree = "<group>";
		};
		4D6542DB2A4103C10057290C /* NextRead */ = {
			isa = PBXGroup;
			children = (
				4D6543082A410AD10057290C /* Info.plist */,
				4D6543062A4106D50057290C /* Config.xcconfig */,
				4D6543012A4104C60057290C /* Model */,
				4D6542F82A4104700057290C /* ViewModel */,
				4D6542EF2A41041A0057290C /* Views */,
				4D6542DC2A4103C10057290C /* NextReadApp.swift */,
				4D6542E02A4103C30057290C /* Assets.xcassets */,
				4D6542E22A4103C30057290C /* Preview Content */,
			);
			path = NextRead;
			sourceTree = "<group>";
		};
		4D6542E22A4103C30057290C /* Preview Content */ = {
			isa = PBXGroup;
			children = (
				4D6542E32A4103C30057290C /* Preview Assets.xcassets */,
			);
			path = "Preview Content";
			sourceTree = "<group>";
		};
		4D6542EF2A41041A0057290C /* Views */ = {
			isa = PBXGroup;
			children = (
				4D6542F62A41045E0057290C /* BookDetailView.swift */,
				4D6542DE2A4103C10057290C /* ContentView.swift */,
				4D6542F02A4104300057290C /* HomeView.swift */,
				4D6542F22A4104440057290C /* MyListView.swift */,
				4D6542F42A41044E0057290C /* SearchView.swift */,
			);
			path = Views;
			sourceTree = "<group>";
		};
		4D6542F82A4104700057290C /* ViewModel */ = {
			isa = PBXGroup;
			children = (
				4D6542FF2A4104B30057290C /* ReadListViewModel.swift */,
				4D6542FD2A41049F0057290C /* BookViewModel.swift */,
			);
			path = ViewModel;
			sourceTree = "<group>";
		};
		4D6543012A4104C60057290C /* Model */ = {
			isa = PBXGroup;
			children = (
				4D6542E52A4103C30057290C /* Persistence.swift */,
				4D6542FB2A4104940057290C /* BookResponse.swift */,
				4D6542F92A41048A0057290C /* Book.swift */,
				4D6542E72A4103C30057290C /* NextRead.xcdatamodeld */,
			);
			path = Model;
			sourceTree = "<group>";
		};
/* End PBXGroup section */

/* Begin PBXNativeTarget section */
		4D6542D82A4103C10057290C /* NextRead */ = {
			isa = PBXNativeTarget;
			buildConfigurationList = 4D6542EC2A4103C30057290C /* Build configuration list for PBXNativeTarget "NextRead" */;
			buildPhases = (
				4D6542D52A4103C10057290C /* Sources */,
				4D6542D62A4103C10057290C /* Frameworks */,
				4D6542D72A4103C10057290C /* Resources */,
			);
			buildRules = (
			);
			dependencies = (
			);
			name = NextRead;
			productName = NextRead;
			productReference = 4D6542D92A4103C10057290C /* NextRead.app */;
			productType = "com.apple.product-type.application";
		};
/* End PBXNativeTarget section */

/* Begin PBXProject section */
		4D6542D12A4103C10057290C /* Project object */ = {
			isa = PBXProject;
			attributes = {
				BuildIndependentTargetsInParallel = 1;
				LastSwiftUpdateCheck = 1430;
				LastUpgradeCheck = 1430;
				TargetAttributes = {
					4D6542D82A4103C10057290C = {
						CreatedOnToolsVersion = 14.3;
					};
				};
			};
			buildConfigurationList = 4D6542D42A4103C10057290C /* Build configuration list for PBXProject "NextRead" */;
			compatibilityVersion = "Xcode 14.0";
			developmentRegion = en;
			hasScannedForEncodings = 0;
			knownRegions = (
				en,
				Base,
			);
			mainGroup = 4D6542D02A4103C10057290C;
			productRefGroup = 4D6542DA2A4103C10057290C /* Products */;
			projectDirPath = "";
			projectRoot = "";
			targets = (
				4D6542D82A4103C10057290C /* NextRead */,
			);
		};
/* End PBXProject section */

/* Begin PBXResourcesBuildPhase section */
		4D6542D72A4103C10057290C /* Resources */ = {
			isa = PBXResourcesBuildPhase;
			buildActionMask = 2147483647;
			files = (
				4D6543072A4106D50057290C /* Config.xcconfig in Resources */,
				4D6542E42A4103C30057290C /* Preview Assets.xcassets in Resources */,
				4D6542E12A4103C30057290C /* Assets.xcassets in Resources */,
			);
			runOnlyForDeploymentPostprocessing = 0;
		};
/* End PBXResourcesBuildPhase section */

/* Begin PBXSourcesBuildPhase section */
		4D6542D52A4103C10057290C /* Sources */ = {
			isa = PBXSourcesBuildPhase;
			buildActionMask = 2147483647;
			files = (
				4D6542F72A41045E0057290C /* BookDetailView.swift in Sources */,
				4D6542FC2A4104940057290C /* BookResponse.swift in Sources */,
				4D6542F32A4104440057290C /* MyListView.swift in Sources */,
				4D6542E92A4103C30057290C /* NextRead.xcdatamodeld in Sources */,
				4D6542E62A4103C30057290C /* Persistence.swift in Sources */,
				4D6542FE2A41049F0057290C /* BookViewModel.swift in Sources */,
				4D6542F52A41044E0057290C /* SearchView.swift in Sources */,
				4D6542FA2A41048B0057290C /* Book.swift in Sources */,
				4D6542DF2A4103C10057290C /* ContentView.swift in Sources */,
				4D6542F12A4104300057290C /* HomeView.swift in Sources */,
				4D6543002A4104B30057290C /* ReadListViewModel.swift in Sources */,
				4D6542DD2A4103C10057290C /* NextReadApp.swift in Sources */,
			);
			runOnlyForDeploymentPostprocessing = 0;
		};
/* End PBXSourcesBuildPhase section */

/* Begin XCBuildConfiguration section */
		4D6542EA2A4103C30057290C /* Debug */ = {
			isa = XCBuildConfiguration;
			baseConfigurationReference = 4D6543062A4106D50057290C /* Config.xcconfig */;
			buildSettings = {
				ALWAYS_SEARCH_USER_PATHS = NO;
				CLANG_ANALYZER_NONNULL = YES;
				CLANG_ANALYZER_NUMBER_OBJECT_CONVERSION = YES_AGGRESSIVE;
				CLANG_CXX_LANGUAGE_STANDARD = "gnu++20";
				CLANG_ENABLE_MODULES = YES;
				CLANG_ENABLE_OBJC_ARC = YES;
				CLANG_ENABLE_OBJC_WEAK = YES;
				CLANG_WARN_BLOCK_CAPTURE_AUTORELEASING = YES;
				CLANG_WARN_BOOL_CONVERSION = YES;
				CLANG_WARN_COMMA = YES;
				CLANG_WARN_CONSTANT_CONVERSION = YES;
				CLANG_WARN_DEPRECATED_OBJC_IMPLEMENTATIONS = YES;
				CLANG_WARN_DIRECT_OBJC_ISA_USAGE = YES_ERROR;
				CLANG_WARN_DOCUMENTATION_COMMENTS = YES;
				CLANG_WARN_EMPTY_BODY = YES;
				CLANG_WARN_ENUM_CONVERSION = YES;
				CLANG_WARN_INFINITE_RECURSION = YES;
				CLANG_WARN_INT_CONVERSION = YES;
				CLANG_WARN_NON_LITERAL_NULL_CONVERSION = YES;
				CLANG_WARN_OBJC_IMPLICIT_RETAIN_SELF = YES;
				CLANG_WARN_OBJC_LITERAL_CONVERSION = YES;
				CLANG_WARN_OBJC_ROOT_CLASS = YES_ERROR;
				CLANG_WARN_QUOTED_INCLUDE_IN_FRAMEWORK_HEADER = YES;
				CLANG_WARN_RANGE_LOOP_ANALYSIS = YES;
				CLANG_WARN_STRICT_PROTOTYPES = YES;
				CLANG_WARN_SUSPICIOUS_MOVE = YES;
				CLANG_WARN_UNGUARDED_AVAILABILITY = YES_AGGRESSIVE;
				CLANG_WARN_UNREACHABLE_CODE = YES;
				CLANG_WARN__DUPLICATE_METHOD_MATCH = YES;
				COPY_PHASE_STRIP = NO;
				DEBUG_INFORMATION_FORMAT = dwarf;
				ENABLE_STRICT_OBJC_MSGSEND = YES;
				ENABLE_TESTABILITY = YES;
				GCC_C_LANGUAGE_STANDARD = gnu11;
				GCC_DYNAMIC_NO_PIC = NO;
				GCC_NO_COMMON_BLOCKS = YES;
				GCC_OPTIMIZATION_LEVEL = 0;
				GCC_PREPROCESSOR_DEFINITIONS = (
					"DEBUG=1",
					"$(inherited)",
				);
				GCC_WARN_64_TO_32_BIT_CONVERSION = YES;
				GCC_WARN_ABOUT_RETURN_TYPE = YES_ERROR;
				GCC_WARN_UNDECLARED_SELECTOR = YES;
				GCC_WARN_UNINITIALIZED_AUTOS = YES_AGGRESSIVE;
				GCC_WARN_UNUSED_FUNCTION = YES;
				GCC_WARN_UNUSED_VARIABLE = YES;
				IPHONEOS_DEPLOYMENT_TARGET = 16.4;
				MTL_ENABLE_DEBUG_INFO = INCLUDE_SOURCE;
				MTL_FAST_MATH = YES;
				ONLY_ACTIVE_ARCH = YES;
				SDKROOT = iphoneos;
				SWIFT_ACTIVE_COMPILATION_CONDITIONS = DEBUG;
				SWIFT_OPTIMIZATION_LEVEL = "-Onone";
			};
			name = Debug;
		};
		4D6542EB2A4103C30057290C /* Release */ = {
			isa = XCBuildConfiguration;
			baseConfigurationReference = 4D6543062A4106D50057290C /* Config.xcconfig */;
			buildSettings = {
				ALWAYS_SEARCH_USER_PATHS = NO;
				CLANG_ANALYZER_NONNULL = YES;
				CLANG_ANALYZER_NUMBER_OBJECT_CONVERSION = YES_AGGRESSIVE;
				CLANG_CXX_LANGUAGE_STANDARD = "gnu++20";
				CLANG_ENABLE_MODULES = YES;
				CLANG_ENABLE_OBJC_ARC = YES;
				CLANG_ENABLE_OBJC_WEAK = YES;
				CLANG_WARN_BLOCK_CAPTURE_AUTORELEASING = YES;
				CLANG_WARN_BOOL_CONVERSION = YES;
				CLANG_WARN_COMMA = YES;
				CLANG_WARN_CONSTANT_CONVERSION = YES;
				CLANG_WARN_DEPRECATED_OBJC_IMPLEMENTATIONS = YES;
				CLANG_WARN_DIRECT_OBJC_ISA_USAGE = YES_ERROR;
				CLANG_WARN_DOCUMENTATION_COMMENTS = YES;
				CLANG_WARN_EMPTY_BODY = YES;
				CLANG_WARN_ENUM_CONVERSION = YES;
				CLANG_WARN_INFINITE_RECURSION = YES;
				CLANG_WARN_INT_CONVERSION = YES;
				CLANG_WARN_NON_LITERAL_NULL_CONVERSION = YES;
				CLANG_WARN_OBJC_IMPLICIT_RETAIN_SELF = YES;
				CLANG_WARN_OBJC_LITERAL_CONVERSION = YES;
				CLANG_WARN_OBJC_ROOT_CLASS = YES_ERROR;
				CLANG_WARN_QUOTED_INCLUDE_IN_FRAMEWORK_HEADER = YES;
				CLANG_WARN_RANGE_LOOP_ANALYSIS = YES;
				CLANG_WARN_STRICT_PROTOTYPES = YES;
				CLANG_WARN_SUSPICIOUS_MOVE = YES;
				CLANG_WARN_UNGUARDED_AVAILABILITY = YES_AGGRESSIVE;
				CLANG_WARN_UNREACHABLE_CODE = YES;
				CLANG_WARN__DUPLICATE_METHOD_MATCH = YES;
				COPY_PHASE_STRIP = NO;
				DEBUG_INFORMATION_FORMAT = "dwarf-with-dsym";
				ENABLE_NS_ASSERTIONS = NO;
				ENABLE_STRICT_OBJC_MSGSEND = YES;
				GCC_C_LANGUAGE_STANDARD = gnu11;
				GCC_NO_COMMON_BLOCKS = YES;
				GCC_WARN_64_TO_32_BIT_CONVERSION = YES;
				GCC_WARN_ABOUT_RETURN_TYPE = YES_ERROR;
				GCC_WARN_UNDECLARED_SELECTOR = YES;
				GCC_WARN_UNINITIALIZED_AUTOS = YES_AGGRESSIVE;
				GCC_WARN_UNUSED_FUNCTION = YES;
				GCC_WARN_UNUSED_VARIABLE = YES;
				IPHONEOS_DEPLOYMENT_TARGET = 16.4;
				MTL_ENABLE_DEBUG_INFO = NO;
				MTL_FAST_MATH = YES;
				SDKROOT = iphoneos;
				SWIFT_COMPILATION_MODE = wholemodule;
				SWIFT_OPTIMIZATION_LEVEL = "-O";
				VALIDATE_PRODUCT = YES;
			};
			name = Release;
		};
		4D6542ED2A4103C30057290C /* Debug */ = {
			isa = XCBuildConfiguration;
			buildSettings = {
				ASSETCATALOG_COMPILER_APPICON_NAME = AppIcon;
				ASSETCATALOG_COMPILER_GLOBAL_ACCENT_COLOR_NAME = AccentColor;
				CODE_SIGN_STYLE = Automatic;
				CURRENT_PROJECT_VERSION = 1;
				DEVELOPMENT_ASSET_PATHS = "\"NextRead/Preview Content\"";
				DEVELOPMENT_TEAM = 62L6L7882M;
				ENABLE_PREVIEWS = YES;
				GENERATE_INFOPLIST_FILE = YES;
				INFOPLIST_FILE = NextRead/Info.plist;
				INFOPLIST_KEY_UIApplicationSceneManifest_Generation = YES;
				INFOPLIST_KEY_UIApplicationSupportsIndirectInputEvents = YES;
				INFOPLIST_KEY_UILaunchScreen_Generation = YES;
				INFOPLIST_KEY_UISupportedInterfaceOrientations_iPad = "UIInterfaceOrientationPortrait UIInterfaceOrientationPortraitUpsideDown UIInterfaceOrientationLandscapeLeft UIInterfaceOrientationLandscapeRight";
				INFOPLIST_KEY_UISupportedInterfaceOrientations_iPhone = "UIInterfaceOrientationPortrait UIInterfaceOrientationLandscapeLeft UIInterfaceOrientationLandscapeRight";
				LD_RUNPATH_SEARCH_PATHS = (
					"$(inherited)",
					"@executable_path/Frameworks",
				);
				MARKETING_VERSION = 1.0;
				PRODUCT_BUNDLE_IDENTIFIER = dev.mikeschmidt.NextRead;
				PRODUCT_NAME = "$(TARGET_NAME)";
				SWIFT_EMIT_LOC_STRINGS = YES;
				SWIFT_VERSION = 5.0;
				TARGETED_DEVICE_FAMILY = "1,2";
			};
			name = Debug;
		};
		4D6542EE2A4103C30057290C /* Release */ = {
			isa = XCBuildConfiguration;
			buildSettings = {
				ASSETCATALOG_COMPILER_APPICON_NAME = AppIcon;
				ASSETCATALOG_COMPILER_GLOBAL_ACCENT_COLOR_NAME = AccentColor;
				CODE_SIGN_STYLE = Automatic;
				CURRENT_PROJECT_VERSION = 1;
				DEVELOPMENT_ASSET_PATHS = "\"NextRead/Preview Content\"";
				DEVELOPMENT_TEAM = 62L6L7882M;
				ENABLE_PREVIEWS = YES;
				GENERATE_INFOPLIST_FILE = YES;
				INFOPLIST_FILE = NextRead/Info.plist;
				INFOPLIST_KEY_UIApplicationSceneManifest_Generation = YES;
				INFOPLIST_KEY_UIApplicationSupportsIndirectInputEvents = YES;
				INFOPLIST_KEY_UILaunchScreen_Generation = YES;
				INFOPLIST_KEY_UISupportedInterfaceOrientations_iPad = "UIInterfaceOrientationPortrait UIInterfaceOrientationPortraitUpsideDown UIInterfaceOrientationLandscapeLeft UIInterfaceOrientationLandscapeRight";
				INFOPLIST_KEY_UISupportedInterfaceOrientations_iPhone = "UIInterfaceOrientationPortrait UIInterfaceOrientationLandscapeLeft UIInterfaceOrientationLandscapeRight";
				LD_RUNPATH_SEARCH_PATHS = (
					"$(inherited)",
					"@executable_path/Frameworks",
				);
				MARKETING_VERSION = 1.0;
				PRODUCT_BUNDLE_IDENTIFIER = dev.mikeschmidt.NextRead;
				PRODUCT_NAME = "$(TARGET_NAME)";
				SWIFT_EMIT_LOC_STRINGS = YES;
				SWIFT_VERSION = 5.0;
				TARGETED_DEVICE_FAMILY = "1,2";
			};
			name = Release;
		};
/* End XCBuildConfiguration section */

/* Begin XCConfigurationList section */
		4D6542D42A4103C10057290C /* Build configuration list for PBXProject "NextRead" */ = {
			isa = XCConfigurationList;
			buildConfigurations = (
				4D6542EA2A4103C30057290C /* Debug */,
				4D6542EB2A4103C30057290C /* Release */,
			);
			defaultConfigurationIsVisible = 0;
			defaultConfigurationName = Release;
		};
		4D6542EC2A4103C30057290C /* Build configuration list for PBXNativeTarget "NextRead" */ = {
			isa = XCConfigurationList;
			buildConfigurations = (
				4D6542ED2A4103C30057290C /* Debug */,
				4D6542EE2A4103C30057290C /* Release */,
			);
			defaultConfigurationIsVisible = 0;
			defaultConfigurationName = Release;
		};
/* End XCConfigurationList section */

/* Begin XCVersionGroup section */
		4D6542E72A4103C30057290C /* NextRead.xcdatamodeld */ = {
			isa = XCVersionGroup;
			children = (
				4D6542E82A4103C30057290C /* NextRead.xcdatamodel */,
			);
			currentVersion = 4D6542E82A4103C30057290C /* NextRead.xcdatamodel */;
			path = NextRead.xcdatamodeld;
			sourceTree = "<group>";
			versionGroupType = wrapper.xcdatamodel;
		};
/* End XCVersionGroup section */
	};
	rootObject = 4D6542D12A4103C10057290C /* Project object */;
}
